
Microsoft Visual Studio Solution File, Format Version 12.00
# Visual Studio Version 16
VisualStudioVersion = 16.0.810.14
MinimumVisualStudioVersion = 10.0.40219.1
Project("{FAE04EC0-301F-11D3-BF4B-00C04F79EFBC}") = "GuestBook", "GuestBook\GuestBook.csproj", "{146DF0D8-91FC-47B0-B0B0-EDBB933722D8}"
EndProject
Global
	GlobalSection(SolutionConfigurationPlatforms) = preSolution
		Debug|Any CPU = Debug|Any CPU
		Release|Any CPU = Release|Any CPU
	EndGlobalSection
	GlobalSection(ProjectConfigurationPlatforms) = postSolution
		{146DF0D8-91FC-47B0-B0B0-EDBB933722D8}.Debug|Any CPU.ActiveCfg = Debug|Any CPU
		{146DF0D8-91FC-47B0-B0B0-EDBB933722D8}.Debug|Any CPU.Build.0 = Debug|Any CPU
		{146DF0D8-91FC-47B0-B0B0-EDBB933722D8}.Release|Any CPU.ActiveCfg = Release|Any CPU
		{146DF0D8-91FC-47B0-B0B0-EDBB933722D8}.Release|Any CPU.Build.0 = Release|Any CPU
	EndGlobalSection
	GlobalSection(SolutionProperties) = preSolution
		HideSolutionNode = FALSE
	EndGlobalSection
	GlobalSection(ExtensibilityGlobals) = postSolution
		SolutionGuid = {1D4DD39B-2548-4CFD-922D-7DFA7499E9EB}
	EndGlobalSection
EndGlobal
